
Microsoft Visual Studio Solution File, Format Version 12.00
# Visual Studio Version 17
VisualStudioVersion = 17.1.31911.260
MinimumVisualStudioVersion = 10.0.40219.1
Project("{9A19103F-16F7-4668-BE54-9A1E7A4F7556}") = "MPC-MassPropertiesCalculator", "MPC-MassPropertiesCalculator\MPC-MassPropertiesCalculator.csproj", "{C661A9F2-2A79-4093-AC96-10FB90AF3ECD}"
EndProject
Project("{2150E333-8FDC-42A3-9474-1A3956D46DE8}") = "ScenariosDataforTesting", "ScenariosDataforTesting", "{E644C0AC-E9D2-4075-AB7F-3B848BE5BBE9}"
EndProject
Project("{C7167F0D-BC9F-4E6E-AFE1-012C56B48DB5}") = "MPC-Installer", "MPC-Installer\MPC-Installer.wapproj", "{74FF739C-3E07-4C38-8D01-273891F11315}"
EndProject
Global
	GlobalSection(SolutionConfigurationPlatforms) = preSolution
		Debug|Any CPU = Debug|Any CPU
		Debug|ARM = Debug|ARM
		Debug|ARM64 = Debug|ARM64
		Debug|x64 = Debug|x64
		Debug|x86 = Debug|x86
		Release|Any CPU = Release|Any CPU
		Release|ARM = Release|ARM
		Release|ARM64 = Release|ARM64
		Release|x64 = Release|x64
		Release|x86 = Release|x86
	EndGlobalSection
	GlobalSection(ProjectConfigurationPlatforms) = postSolution
		{C661A9F2-2A79-4093-AC96-10FB90AF3ECD}.Debug|Any CPU.ActiveCfg = Debug|Any CPU
		{C661A9F2-2A79-4093-AC96-10FB90AF3ECD}.Debug|Any CPU.Build.0 = Debug|Any CPU
		{C661A9F2-2A79-4093-AC96-10FB90AF3ECD}.Debug|ARM.ActiveCfg = Debug|Any CPU
		{C661A9F2-2A79-4093-AC96-10FB90AF3ECD}.Debug|ARM.Build.0 = Debug|Any CPU
		{C661A9F2-2A79-4093-AC96-10FB90AF3ECD}.Debug|ARM64.ActiveCfg = Debug|Any CPU
		{C661A9F2-2A79-4093-AC96-10FB90AF3ECD}.Debug|ARM64.Build.0 = Debug|Any CPU
		{C661A9F2-2A79-4093-AC96-10FB90AF3ECD}.Debug|x64.ActiveCfg = Debug|x64
		{C661A9F2-2A79-4093-AC96-10FB90AF3ECD}.Debug|x64.Build.0 = Debug|x64
		{C661A9F2-2A79-4093-AC96-10FB90AF3ECD}.Debug|x86.ActiveCfg = Debug|Any CPU
		{C661A9F2-2A79-4093-AC96-10FB90AF3ECD}.Debug|x86.Build.0 = Debug|Any CPU
		{C661A9F2-2A79-4093-AC96-10FB90AF3ECD}.Release|Any CPU.ActiveCfg = Release|Any CPU
		{C661A9F2-2A79-4093-AC96-10FB90AF3ECD}.Release|Any CPU.Build.0 = Release|Any CPU
		{C661A9F2-2A79-4093-AC96-10FB90AF3ECD}.Release|ARM.ActiveCfg = Release|Any CPU
		{C661A9F2-2A79-4093-AC96-10FB90AF3ECD}.Release|ARM.Build.0 = Release|Any CPU
		{C661A9F2-2A79-4093-AC96-10FB90AF3ECD}.Release|ARM64.ActiveCfg = Release|Any CPU
		{C661A9F2-2A79-4093-AC96-10FB90AF3ECD}.Release|ARM64.Build.0 = Release|Any CPU
		{C661A9F2-2A79-4093-AC96-10FB90AF3ECD}.Release|x64.ActiveCfg = Release|x64
		{C661A9F2-2A79-4093-AC96-10FB90AF3ECD}.Release|x64.Build.0 = Release|x64
		{C661A9F2-2A79-4093-AC96-10FB90AF3ECD}.Release|x86.ActiveCfg = Release|Any CPU
		{C661A9F2-2A79-4093-AC96-10FB90AF3ECD}.Release|x86.Build.0 = Release|Any CPU
		{74FF739C-3E07-4C38-8D01-273891F11315}.Debug|Any CPU.ActiveCfg = Debug|Any CPU
		{74FF739C-3E07-4C38-8D01-273891F11315}.Debug|Any CPU.Build.0 = Debug|Any CPU
		{74FF739C-3E07-4C38-8D01-273891F11315}.Debug|Any CPU.Deploy.0 = Debug|Any CPU
		{74FF739C-3E07-4C38-8D01-273891F11315}.Debug|ARM.ActiveCfg = Debug|ARM
		{74FF739C-3E07-4C38-8D01-273891F11315}.Debug|ARM.Build.0 = Debug|ARM
		{74FF739C-3E07-4C38-8D01-273891F11315}.Debug|ARM.Deploy.0 = Debug|ARM
		{74FF739C-3E07-4C38-8D01-273891F11315}.Debug|ARM64.ActiveCfg = Debug|ARM64
		{74FF739C-3E07-4C38-8D01-273891F11315}.Debug|ARM64.Build.0 = Debug|ARM64
		{74FF739C-3E07-4C38-8D01-273891F11315}.Debug|ARM64.Deploy.0 = Debug|ARM64
		{74FF739C-3E07-4C38-8D01-273891F11315}.Debug|x64.ActiveCfg = Debug|x64
		{74FF739C-3E07-4C38-8D01-273891F11315}.Debug|x64.Build.0 = Debug|x64
		{74FF739C-3E07-4C38-8D01-273891F11315}.Debug|x64.Deploy.0 = Debug|x64
		{74FF739C-3E07-4C38-8D01-273891F11315}.Debug|x86.ActiveCfg = Debug|x86
		{74FF739C-3E07-4C38-8D01-273891F11315}.Debug|x86.Build.0 = Debug|x86
		{74FF739C-3E07-4C38-8D01-273891F11315}.Debug|x86.Deploy.0 = Debug|x86
		{74FF739C-3E07-4C38-8D01-273891F11315}.Release|Any CPU.ActiveCfg = Release|Any CPU
		{74FF739C-3E07-4C38-8D01-273891F11315}.Release|Any CPU.Build.0 = Release|Any CPU
		{74FF739C-3E07-4C38-8D01-273891F11315}.Release|Any CPU.Deploy.0 = Release|Any CPU
		{74FF739C-3E07-4C38-8D01-273891F11315}.Release|ARM.ActiveCfg = Release|ARM
		{74FF739C-3E07-4C38-8D01-273891F11315}.Release|ARM.Build.0 = Release|ARM
		{74FF739C-3E07-4C38-8D01-273891F11315}.Release|ARM.Deploy.0 = Release|ARM
		{74FF739C-3E07-4C38-8D01-273891F11315}.Release|ARM64.ActiveCfg = Release|ARM64
		{74FF739C-3E07-4C38-8D01-273891F11315}.Release|ARM64.Build.0 = Release|ARM64
		{74FF739C-3E07-4C38-8D01-273891F11315}.Release|ARM64.Deploy.0 = Release|ARM64
		{74FF739C-3E07-4C38-8D01-273891F11315}.Release|x64.ActiveCfg = Release|x64
		{74FF739C-3E07-4C38-8D01-273891F11315}.Release|x64.Build.0 = Release|x64
		{74FF739C-3E07-4C38-8D01-273891F11315}.Release|x64.Deploy.0 = Release|x64
		{74FF739C-3E07-4C38-8D01-273891F11315}.Release|x86.ActiveCfg = Release|x86
		{74FF739C-3E07-4C38-8D01-273891F11315}.Release|x86.Build.0 = Release|x86
		{74FF739C-3E07-4C38-8D01-273891F11315}.Release|x86.Deploy.0 = Release|x86
	EndGlobalSection
	GlobalSection(SolutionProperties) = preSolution
		HideSolutionNode = FALSE
	EndGlobalSection
	GlobalSection(ExtensibilityGlobals) = postSolution
		SolutionGuid = {A5B71EB7-1590-4660-B1D8-4682FDA11999}
	EndGlobalSection
EndGlobal
