
Microsoft Visual Studio Solution File, Format Version 12.00
# Visual Studio Version 17
VisualStudioVersion = 17.1.31911.260
MinimumVisualStudioVersion = 10.0.40219.1
Project("{9A19103F-16F7-4668-BE54-9A1E7A4F7556}") = "MPC-MassPropertiesCalculator", "MPC-MassPropertiesCalculator\MPC-MassPropertiesCalculator.csproj", "{C661A9F2-2A79-4093-AC96-10FB90AF3ECD}"
EndProject
Project("{C7167F0D-BC9F-4E6E-AFE1-012C56B48DB5}") = "MPC-MassPropertiesCalculator.Installer", "MPC-MassPropertiesCalculator.Installer\MPC-MassPropertiesCalculator.Installer.wapproj", "{C6EA2F1A-9051-434C-A8BD-BC8F2CA6953D}"
EndProject
Project("{9A19103F-16F7-4668-BE54-9A1E7A4F7556}") = "MPC-HelpFromYoutubeLibrary", "MPC-HelpFromYoutubeLibrary\MPC-HelpFromYoutubeLibrary.csproj", "{7E3DA2F1-4D3B-419A-86B8-2CDCBA322DA1}"
EndProject
Project("{9A19103F-16F7-4668-BE54-9A1E7A4F7556}") = "MPC-MassPropertiesCalculator-MAUIapp", "MPC-MassPropertiesCalculator-MAUIapp\MPC-MassPropertiesCalculator-MAUIapp.csproj", "{5D5D35A4-D927-4D6F-B362-E1779BCD6043}"
EndProject
Global
	GlobalSection(SolutionConfigurationPlatforms) = preSolution
		Debug|Any CPU = Debug|Any CPU
		Debug|ARM = Debug|ARM
		Debug|ARM32 = Debug|ARM32
		Debug|ARM64 = Debug|ARM64
		Debug|x64 = Debug|x64
		Debug|x86 = Debug|x86
		Release|Any CPU = Release|Any CPU
		Release|ARM = Release|ARM
		Release|ARM32 = Release|ARM32
		Release|ARM64 = Release|ARM64
		Release|x64 = Release|x64
		Release|x86 = Release|x86
	EndGlobalSection
	GlobalSection(ProjectConfigurationPlatforms) = postSolution
		{C661A9F2-2A79-4093-AC96-10FB90AF3ECD}.Debug|Any CPU.ActiveCfg = Debug|Any CPU
		{C661A9F2-2A79-4093-AC96-10FB90AF3ECD}.Debug|Any CPU.Build.0 = Debug|Any CPU
		{C661A9F2-2A79-4093-AC96-10FB90AF3ECD}.Debug|ARM.ActiveCfg = Debug|Any CPU
		{C661A9F2-2A79-4093-AC96-10FB90AF3ECD}.Debug|ARM.Build.0 = Debug|Any CPU
		{C661A9F2-2A79-4093-AC96-10FB90AF3ECD}.Debug|ARM32.ActiveCfg = Debug|Any CPU
		{C661A9F2-2A79-4093-AC96-10FB90AF3ECD}.Debug|ARM32.Build.0 = Debug|Any CPU
		{C661A9F2-2A79-4093-AC96-10FB90AF3ECD}.Debug|ARM64.ActiveCfg = Debug|Any CPU
		{C661A9F2-2A79-4093-AC96-10FB90AF3ECD}.Debug|ARM64.Build.0 = Debug|Any CPU
		{C661A9F2-2A79-4093-AC96-10FB90AF3ECD}.Debug|x64.ActiveCfg = Debug|x64
		{C661A9F2-2A79-4093-AC96-10FB90AF3ECD}.Debug|x64.Build.0 = Debug|x64
		{C661A9F2-2A79-4093-AC96-10FB90AF3ECD}.Debug|x86.ActiveCfg = Debug|Any CPU
		{C661A9F2-2A79-4093-AC96-10FB90AF3ECD}.Debug|x86.Build.0 = Debug|Any CPU
		{C661A9F2-2A79-4093-AC96-10FB90AF3ECD}.Release|Any CPU.ActiveCfg = Release|Any CPU
		{C661A9F2-2A79-4093-AC96-10FB90AF3ECD}.Release|Any CPU.Build.0 = Release|Any CPU
		{C661A9F2-2A79-4093-AC96-10FB90AF3ECD}.Release|ARM.ActiveCfg = Release|Any CPU
		{C661A9F2-2A79-4093-AC96-10FB90AF3ECD}.Release|ARM.Build.0 = Release|Any CPU
		{C661A9F2-2A79-4093-AC96-10FB90AF3ECD}.Release|ARM32.ActiveCfg = Release|Any CPU
		{C661A9F2-2A79-4093-AC96-10FB90AF3ECD}.Release|ARM32.Build.0 = Release|Any CPU
		{C661A9F2-2A79-4093-AC96-10FB90AF3ECD}.Release|ARM64.ActiveCfg = Release|Any CPU
		{C661A9F2-2A79-4093-AC96-10FB90AF3ECD}.Release|ARM64.Build.0 = Release|Any CPU
		{C661A9F2-2A79-4093-AC96-10FB90AF3ECD}.Release|x64.ActiveCfg = Release|x64
		{C661A9F2-2A79-4093-AC96-10FB90AF3ECD}.Release|x64.Build.0 = Release|x64
		{C661A9F2-2A79-4093-AC96-10FB90AF3ECD}.Release|x86.ActiveCfg = Release|Any CPU
		{C661A9F2-2A79-4093-AC96-10FB90AF3ECD}.Release|x86.Build.0 = Release|Any CPU
		{C6EA2F1A-9051-434C-A8BD-BC8F2CA6953D}.Debug|Any CPU.ActiveCfg = Debug|Any CPU
		{C6EA2F1A-9051-434C-A8BD-BC8F2CA6953D}.Debug|Any CPU.Build.0 = Debug|Any CPU
		{C6EA2F1A-9051-434C-A8BD-BC8F2CA6953D}.Debug|Any CPU.Deploy.0 = Debug|Any CPU
		{C6EA2F1A-9051-434C-A8BD-BC8F2CA6953D}.Debug|ARM.ActiveCfg = Debug|ARM
		{C6EA2F1A-9051-434C-A8BD-BC8F2CA6953D}.Debug|ARM.Build.0 = Debug|ARM
		{C6EA2F1A-9051-434C-A8BD-BC8F2CA6953D}.Debug|ARM.Deploy.0 = Debug|ARM
		{C6EA2F1A-9051-434C-A8BD-BC8F2CA6953D}.Debug|ARM32.ActiveCfg = Debug|Any CPU
		{C6EA2F1A-9051-434C-A8BD-BC8F2CA6953D}.Debug|ARM32.Build.0 = Debug|Any CPU
		{C6EA2F1A-9051-434C-A8BD-BC8F2CA6953D}.Debug|ARM32.Deploy.0 = Debug|Any CPU
		{C6EA2F1A-9051-434C-A8BD-BC8F2CA6953D}.Debug|ARM64.ActiveCfg = Debug|ARM64
		{C6EA2F1A-9051-434C-A8BD-BC8F2CA6953D}.Debug|ARM64.Build.0 = Debug|ARM64
		{C6EA2F1A-9051-434C-A8BD-BC8F2CA6953D}.Debug|ARM64.Deploy.0 = Debug|ARM64
		{C6EA2F1A-9051-434C-A8BD-BC8F2CA6953D}.Debug|x64.ActiveCfg = Debug|x64
		{C6EA2F1A-9051-434C-A8BD-BC8F2CA6953D}.Debug|x64.Build.0 = Debug|x64
		{C6EA2F1A-9051-434C-A8BD-BC8F2CA6953D}.Debug|x64.Deploy.0 = Debug|x64
		{C6EA2F1A-9051-434C-A8BD-BC8F2CA6953D}.Debug|x86.ActiveCfg = Debug|x86
		{C6EA2F1A-9051-434C-A8BD-BC8F2CA6953D}.Debug|x86.Build.0 = Debug|x86
		{C6EA2F1A-9051-434C-A8BD-BC8F2CA6953D}.Debug|x86.Deploy.0 = Debug|x86
		{C6EA2F1A-9051-434C-A8BD-BC8F2CA6953D}.Release|Any CPU.ActiveCfg = Release|Any CPU
		{C6EA2F1A-9051-434C-A8BD-BC8F2CA6953D}.Release|Any CPU.Build.0 = Release|Any CPU
		{C6EA2F1A-9051-434C-A8BD-BC8F2CA6953D}.Release|Any CPU.Deploy.0 = Release|Any CPU
		{C6EA2F1A-9051-434C-A8BD-BC8F2CA6953D}.Release|ARM.ActiveCfg = Release|ARM
		{C6EA2F1A-9051-434C-A8BD-BC8F2CA6953D}.Release|ARM.Build.0 = Release|ARM
		{C6EA2F1A-9051-434C-A8BD-BC8F2CA6953D}.Release|ARM.Deploy.0 = Release|ARM
		{C6EA2F1A-9051-434C-A8BD-BC8F2CA6953D}.Release|ARM32.ActiveCfg = Release|Any CPU
		{C6EA2F1A-9051-434C-A8BD-BC8F2CA6953D}.Release|ARM32.Build.0 = Release|Any CPU
		{C6EA2F1A-9051-434C-A8BD-BC8F2CA6953D}.Release|ARM32.Deploy.0 = Release|Any CPU
		{C6EA2F1A-9051-434C-A8BD-BC8F2CA6953D}.Release|ARM64.ActiveCfg = Release|ARM64
		{C6EA2F1A-9051-434C-A8BD-BC8F2CA6953D}.Release|x64.ActiveCfg = Release|x64
		{C6EA2F1A-9051-434C-A8BD-BC8F2CA6953D}.Release|x64.Build.0 = Release|x64
		{C6EA2F1A-9051-434C-A8BD-BC8F2CA6953D}.Release|x64.Deploy.0 = Release|x64
		{C6EA2F1A-9051-434C-A8BD-BC8F2CA6953D}.Release|x86.ActiveCfg = Release|x86
		{C6EA2F1A-9051-434C-A8BD-BC8F2CA6953D}.Release|x86.Build.0 = Release|x86
		{C6EA2F1A-9051-434C-A8BD-BC8F2CA6953D}.Release|x86.Deploy.0 = Release|x86
		{7E3DA2F1-4D3B-419A-86B8-2CDCBA322DA1}.Debug|Any CPU.ActiveCfg = Debug|Any CPU
		{7E3DA2F1-4D3B-419A-86B8-2CDCBA322DA1}.Debug|Any CPU.Build.0 = Debug|Any CPU
		{7E3DA2F1-4D3B-419A-86B8-2CDCBA322DA1}.Debug|ARM.ActiveCfg = Debug|Any CPU
		{7E3DA2F1-4D3B-419A-86B8-2CDCBA322DA1}.Debug|ARM.Build.0 = Debug|Any CPU
		{7E3DA2F1-4D3B-419A-86B8-2CDCBA322DA1}.Debug|ARM32.ActiveCfg = Debug|Any CPU
		{7E3DA2F1-4D3B-419A-86B8-2CDCBA322DA1}.Debug|ARM32.Build.0 = Debug|Any CPU
		{7E3DA2F1-4D3B-419A-86B8-2CDCBA322DA1}.Debug|ARM64.ActiveCfg = Debug|Any CPU
		{7E3DA2F1-4D3B-419A-86B8-2CDCBA322DA1}.Debug|ARM64.Build.0 = Debug|Any CPU
		{7E3DA2F1-4D3B-419A-86B8-2CDCBA322DA1}.Debug|x64.ActiveCfg = Debug|Any CPU
		{7E3DA2F1-4D3B-419A-86B8-2CDCBA322DA1}.Debug|x64.Build.0 = Debug|Any CPU
		{7E3DA2F1-4D3B-419A-86B8-2CDCBA322DA1}.Debug|x86.ActiveCfg = Debug|Any CPU
		{7E3DA2F1-4D3B-419A-86B8-2CDCBA322DA1}.Debug|x86.Build.0 = Debug|Any CPU
		{7E3DA2F1-4D3B-419A-86B8-2CDCBA322DA1}.Release|Any CPU.ActiveCfg = Release|Any CPU
		{7E3DA2F1-4D3B-419A-86B8-2CDCBA322DA1}.Release|Any CPU.Build.0 = Release|Any CPU
		{7E3DA2F1-4D3B-419A-86B8-2CDCBA322DA1}.Release|ARM.ActiveCfg = Release|Any CPU
		{7E3DA2F1-4D3B-419A-86B8-2CDCBA322DA1}.Release|ARM.Build.0 = Release|Any CPU
		{7E3DA2F1-4D3B-419A-86B8-2CDCBA322DA1}.Release|ARM32.ActiveCfg = Release|Any CPU
		{7E3DA2F1-4D3B-419A-86B8-2CDCBA322DA1}.Release|ARM32.Build.0 = Release|Any CPU
		{7E3DA2F1-4D3B-419A-86B8-2CDCBA322DA1}.Release|ARM64.ActiveCfg = Release|Any CPU
		{7E3DA2F1-4D3B-419A-86B8-2CDCBA322DA1}.Release|ARM64.Build.0 = Release|Any CPU
		{7E3DA2F1-4D3B-419A-86B8-2CDCBA322DA1}.Release|x64.ActiveCfg = Release|x64
		{7E3DA2F1-4D3B-419A-86B8-2CDCBA322DA1}.Release|x64.Build.0 = Release|x64
		{7E3DA2F1-4D3B-419A-86B8-2CDCBA322DA1}.Release|x86.ActiveCfg = Release|Any CPU
		{7E3DA2F1-4D3B-419A-86B8-2CDCBA322DA1}.Release|x86.Build.0 = Release|Any CPU
		{5D5D35A4-D927-4D6F-B362-E1779BCD6043}.Debug|Any CPU.ActiveCfg = Debug|ARM32
		{5D5D35A4-D927-4D6F-B362-E1779BCD6043}.Debug|ARM.ActiveCfg = Debug|ARM32
		{5D5D35A4-D927-4D6F-B362-E1779BCD6043}.Debug|ARM32.ActiveCfg = Debug|ARM32
		{5D5D35A4-D927-4D6F-B362-E1779BCD6043}.Debug|ARM32.Build.0 = Debug|ARM32
		{5D5D35A4-D927-4D6F-B362-E1779BCD6043}.Debug|ARM32.Deploy.0 = Debug|ARM32
		{5D5D35A4-D927-4D6F-B362-E1779BCD6043}.Debug|ARM64.ActiveCfg = Debug|ARM32
		{5D5D35A4-D927-4D6F-B362-E1779BCD6043}.Debug|x64.ActiveCfg = Debug|Any CPU
		{5D5D35A4-D927-4D6F-B362-E1779BCD6043}.Debug|x64.Build.0 = Debug|Any CPU
		{5D5D35A4-D927-4D6F-B362-E1779BCD6043}.Debug|x64.Deploy.0 = Debug|Any CPU
		{5D5D35A4-D927-4D6F-B362-E1779BCD6043}.Debug|x86.ActiveCfg = Debug|ARM32
		{5D5D35A4-D927-4D6F-B362-E1779BCD6043}.Release|Any CPU.ActiveCfg = Release|ARM32
		{5D5D35A4-D927-4D6F-B362-E1779BCD6043}.Release|ARM.ActiveCfg = Release|ARM32
		{5D5D35A4-D927-4D6F-B362-E1779BCD6043}.Release|ARM32.ActiveCfg = Release|ARM32
		{5D5D35A4-D927-4D6F-B362-E1779BCD6043}.Release|ARM64.ActiveCfg = Release|ARM32
		{5D5D35A4-D927-4D6F-B362-E1779BCD6043}.Release|x64.ActiveCfg = Release|ARM32
		{5D5D35A4-D927-4D6F-B362-E1779BCD6043}.Release|x86.ActiveCfg = Release|ARM32
	EndGlobalSection
	GlobalSection(SolutionProperties) = preSolution
		HideSolutionNode = FALSE
	EndGlobalSection
	GlobalSection(ExtensibilityGlobals) = postSolution
		SolutionGuid = {A5B71EB7-1590-4660-B1D8-4682FDA11999}
	EndGlobalSection
EndGlobal
